// !$*UTF8*$!
{
	archiveVersion = 1;
	classes = {
	};
	objectVersion = 46;
	objects = {

/* Begin PBXBuildFile section */
		49D5A7DCF36BCF7B00136123 /* libPods-AppServicesUITests.a in Frameworks */ = {isa = PBXBuildFile; fileRef = 3177A4728AC81243A21EF6CA /* libPods-AppServicesUITests.a */; };
		64F9AC15B7E53F7F7354AE35 /* libPods-AppServices.a in Frameworks */ = {isa = PBXBuildFile; fileRef = D3373D2CE05A82229D131DED /* libPods-AppServices.a */; };
		8479783490A1F499B80660D3 /* libPods-AppServicesTests.a in Frameworks */ = {isa = PBXBuildFile; fileRef = A0004AC02E5FC632857ECDD0 /* libPods-AppServicesTests.a */; };
		85C3BDE2C6045D7E32D08825 /* libPods-SiriIntentsExtensionUI.a in Frameworks */ = {isa = PBXBuildFile; fileRef = 32107ED65518C7484B78813E /* libPods-SiriIntentsExtensionUI.a */; };
		C93A4E681F31BB0200638E89 /* MapKit.framework in Frameworks */ = {isa = PBXBuildFile; fileRef = C93A4E671F31BB0200638E89 /* MapKit.framework */; };
		C93A4E6F1F31C08D00638E89 /* APSSiriViewController.m in Sources */ = {isa = PBXBuildFile; fileRef = C93A4E6E1F31C08D00638E89 /* APSSiriViewController.m */; };
		C93A4E781F31C28700638E89 /* IntentHandler.m in Sources */ = {isa = PBXBuildFile; fileRef = C93A4E771F31C28700638E89 /* IntentHandler.m */; };
		C93A4E801F31C28700638E89 /* IntentsUI.framework in Frameworks */ = {isa = PBXBuildFile; fileRef = C93A4E7F1F31C28700638E89 /* IntentsUI.framework */; };
		C93A4E841F31C28700638E89 /* IntentViewController.m in Sources */ = {isa = PBXBuildFile; fileRef = C93A4E831F31C28700638E89 /* IntentViewController.m */; };
		C93A4E871F31C28700638E89 /* MainInterface.storyboard in Resources */ = {isa = PBXBuildFile; fileRef = C93A4E851F31C28700638E89 /* MainInterface.storyboard */; };
		C93A4E8B1F31C28700638E89 /* SiriIntentsExtensionUI.appex in Embed App Extensions */ = {isa = PBXBuildFile; fileRef = C93A4E7E1F31C28700638E89 /* SiriIntentsExtensionUI.appex */; settings = {ATTRIBUTES = (RemoveHeadersOnCopy, ); }; };
		C93A4E8E1F31C28700638E89 /* SiriIntentsExtension.appex in Embed App Extensions */ = {isa = PBXBuildFile; fileRef = C93A4E741F31C28700638E89 /* SiriIntentsExtension.appex */; settings = {ATTRIBUTES = (RemoveHeadersOnCopy, ); }; };
		C93A4E991F31ED4F00638E89 /* SiriIntentsUI.xcassets in Resources */ = {isa = PBXBuildFile; fileRef = C93A4E981F31ED4F00638E89 /* SiriIntentsUI.xcassets */; };
		C93A4E9B1F31F12E00638E89 /* Intents.framework in Frameworks */ = {isa = PBXBuildFile; fileRef = C93A4E9A1F31F12E00638E89 /* Intents.framework */; };
		C9B099061F31AC3300911B72 /* main.m in Sources */ = {isa = PBXBuildFile; fileRef = C9B099051F31AC3300911B72 /* main.m */; };
		C9B099091F31AC3300911B72 /* AppDelegate.m in Sources */ = {isa = PBXBuildFile; fileRef = C9B099081F31AC3300911B72 /* AppDelegate.m */; };
		C9B0990C1F31AC3300911B72 /* ViewController.m in Sources */ = {isa = PBXBuildFile; fileRef = C9B0990B1F31AC3300911B72 /* ViewController.m */; };
		C9B0990F1F31AC3300911B72 /* Main.storyboard in Resources */ = {isa = PBXBuildFile; fileRef = C9B0990D1F31AC3300911B72 /* Main.storyboard */; };
		C9B099121F31AC3300911B72 /* AppServices.xcdatamodeld in Sources */ = {isa = PBXBuildFile; fileRef = C9B099101F31AC3300911B72 /* AppServices.xcdatamodeld */; };
		C9B099141F31AC3300911B72 /* Assets.xcassets in Resources */ = {isa = PBXBuildFile; fileRef = C9B099131F31AC3300911B72 /* Assets.xcassets */; };
		C9B099171F31AC3300911B72 /* LaunchScreen.storyboard in Resources */ = {isa = PBXBuildFile; fileRef = C9B099151F31AC3300911B72 /* LaunchScreen.storyboard */; };
		C9B099221F31AC3300911B72 /* AppServicesTests.m in Sources */ = {isa = PBXBuildFile; fileRef = C9B099211F31AC3300911B72 /* AppServicesTests.m */; };
		C9B0992D1F31AC3300911B72 /* AppServicesUITests.m in Sources */ = {isa = PBXBuildFile; fileRef = C9B0992C1F31AC3300911B72 /* AppServicesUITests.m */; };
/* End PBXBuildFile section */

/* Begin PBXContainerItemProxy section */
		C93A4E891F31C28700638E89 /* PBXContainerItemProxy */ = {
			isa = PBXContainerItemProxy;
			containerPortal = C9B098F91F31AC3300911B72 /* Project object */;
			proxyType = 1;
			remoteGlobalIDString = C93A4E7D1F31C28700638E89;
			remoteInfo = SiriIntentsExtensionUI;
		};
		C93A4E8C1F31C28700638E89 /* PBXContainerItemProxy */ = {
			isa = PBXContainerItemProxy;
			containerPortal = C9B098F91F31AC3300911B72 /* Project object */;
			proxyType = 1;
			remoteGlobalIDString = C93A4E731F31C28700638E89;
			remoteInfo = SiriIntentsExtension;
		};
		C9B0991E1F31AC3300911B72 /* PBXContainerItemProxy */ = {
			isa = PBXContainerItemProxy;
			containerPortal = C9B098F91F31AC3300911B72 /* Project object */;
			proxyType = 1;
			remoteGlobalIDString = C9B099001F31AC3300911B72;
			remoteInfo = AppServices;
		};
		C9B099291F31AC3300911B72 /* PBXContainerItemProxy */ = {
			isa = PBXContainerItemProxy;
			containerPortal = C9B098F91F31AC3300911B72 /* Project object */;
			proxyType = 1;
			remoteGlobalIDString = C9B099001F31AC3300911B72;
			remoteInfo = AppServices;
		};
/* End PBXContainerItemProxy section */

/* Begin PBXCopyFilesBuildPhase section */
		C93A4E951F31C28700638E89 /* Embed App Extensions */ = {
			isa = PBXCopyFilesBuildPhase;
			buildActionMask = 2147483647;
			dstPath = "";
			dstSubfolderSpec = 13;
			files = (
				C93A4E8B1F31C28700638E89 /* SiriIntentsExtensionUI.appex in Embed App Extensions */,
				C93A4E8E1F31C28700638E89 /* SiriIntentsExtension.appex in Embed App Extensions */,
			);
			name = "Embed App Extensions";
			runOnlyForDeploymentPostprocessing = 0;
		};
/* End PBXCopyFilesBuildPhase section */

/* Begin PBXFileReference section */
		147948B0FDB1EE64C8D59168 /* Pods-AppServicesTests.debug.xcconfig */ = {isa = PBXFileReference; includeInIndex = 1; lastKnownFileType = text.xcconfig; name = "Pods-AppServicesTests.debug.xcconfig"; path = "Pods/Target Support Files/Pods-AppServicesTests/Pods-AppServicesTests.debug.xcconfig"; sourceTree = "<group>"; };
		1E649EB5D35C4D1ADDDE0D75 /* Pods-AppServices.debug.xcconfig */ = {isa = PBXFileReference; includeInIndex = 1; lastKnownFileType = text.xcconfig; name = "Pods-AppServices.debug.xcconfig"; path = "Pods/Target Support Files/Pods-AppServices/Pods-AppServices.debug.xcconfig"; sourceTree = "<group>"; };
		2C594C5D771F12C85B2B1E81 /* Pods-AppServicesUITests.release.xcconfig */ = {isa = PBXFileReference; includeInIndex = 1; lastKnownFileType = text.xcconfig; name = "Pods-AppServicesUITests.release.xcconfig"; path = "Pods/Target Support Files/Pods-AppServicesUITests/Pods-AppServicesUITests.release.xcconfig"; sourceTree = "<group>"; };
		3177A4728AC81243A21EF6CA /* libPods-AppServicesUITests.a */ = {isa = PBXFileReference; explicitFileType = archive.ar; includeInIndex = 0; path = "libPods-AppServicesUITests.a"; sourceTree = BUILT_PRODUCTS_DIR; };
		32107ED65518C7484B78813E /* libPods-SiriIntentsExtensionUI.a */ = {isa = PBXFileReference; explicitFileType = archive.ar; includeInIndex = 0; path = "libPods-SiriIntentsExtensionUI.a"; sourceTree = BUILT_PRODUCTS_DIR; };
		87F5274D79D51D373472E514 /* Pods-AppServices.release.xcconfig */ = {isa = PBXFileReference; includeInIndex = 1; lastKnownFileType = text.xcconfig; name = "Pods-AppServices.release.xcconfig"; path = "Pods/Target Support Files/Pods-AppServices/Pods-AppServices.release.xcconfig"; sourceTree = "<group>"; };
		8A93BBAAF916947F706E4D4E /* Pods-SiriIntentsExtensionUI.debug.xcconfig */ = {isa = PBXFileReference; includeInIndex = 1; lastKnownFileType = text.xcconfig; name = "Pods-SiriIntentsExtensionUI.debug.xcconfig"; path = "Pods/Target Support Files/Pods-SiriIntentsExtensionUI/Pods-SiriIntentsExtensionUI.debug.xcconfig"; sourceTree = "<group>"; };
		A0004AC02E5FC632857ECDD0 /* libPods-AppServicesTests.a */ = {isa = PBXFileReference; explicitFileType = archive.ar; includeInIndex = 0; path = "libPods-AppServicesTests.a"; sourceTree = BUILT_PRODUCTS_DIR; };
		BC9F95D85F14456246F4D330 /* Pods-AppServicesUITests.debug.xcconfig */ = {isa = PBXFileReference; includeInIndex = 1; lastKnownFileType = text.xcconfig; name = "Pods-AppServicesUITests.debug.xcconfig"; path = "Pods/Target Support Files/Pods-AppServicesUITests/Pods-AppServicesUITests.debug.xcconfig"; sourceTree = "<group>"; };
		C53B68BE2117907690934543 /* Pods-SiriIntentsExtensionUI.release.xcconfig */ = {isa = PBXFileReference; includeInIndex = 1; lastKnownFileType = text.xcconfig; name = "Pods-SiriIntentsExtensionUI.release.xcconfig"; path = "Pods/Target Support Files/Pods-SiriIntentsExtensionUI/Pods-SiriIntentsExtensionUI.release.xcconfig"; sourceTree = "<group>"; };
		C93A4E671F31BB0200638E89 /* MapKit.framework */ = {isa = PBXFileReference; lastKnownFileType = wrapper.framework; name = MapKit.framework; path = System/Library/Frameworks/MapKit.framework; sourceTree = SDKROOT; };
		C93A4E6D1F31C08D00638E89 /* APSSiriViewController.h */ = {isa = PBXFileReference; fileEncoding = 4; lastKnownFileType = sourcecode.c.h; path = APSSiriViewController.h; sourceTree = "<group>"; };
		C93A4E6E1F31C08D00638E89 /* APSSiriViewController.m */ = {isa = PBXFileReference; fileEncoding = 4; lastKnownFileType = sourcecode.c.objc; path = APSSiriViewController.m; sourceTree = "<group>"; };
		C93A4E741F31C28700638E89 /* SiriIntentsExtension.appex */ = {isa = PBXFileReference; explicitFileType = "wrapper.app-extension"; includeInIndex = 0; path = SiriIntentsExtension.appex; sourceTree = BUILT_PRODUCTS_DIR; };
		C93A4E761F31C28700638E89 /* IntentHandler.h */ = {isa = PBXFileReference; lastKnownFileType = sourcecode.c.h; path = IntentHandler.h; sourceTree = "<group>"; };
		C93A4E771F31C28700638E89 /* IntentHandler.m */ = {isa = PBXFileReference; lastKnownFileType = sourcecode.c.objc; path = IntentHandler.m; sourceTree = "<group>"; };
		C93A4E791F31C28700638E89 /* Info.plist */ = {isa = PBXFileReference; lastKnownFileType = text.plist.xml; path = Info.plist; sourceTree = "<group>"; };
		C93A4E7E1F31C28700638E89 /* SiriIntentsExtensionUI.appex */ = {isa = PBXFileReference; explicitFileType = "wrapper.app-extension"; includeInIndex = 0; path = SiriIntentsExtensionUI.appex; sourceTree = BUILT_PRODUCTS_DIR; };
		C93A4E7F1F31C28700638E89 /* IntentsUI.framework */ = {isa = PBXFileReference; lastKnownFileType = wrapper.framework; name = IntentsUI.framework; path = System/Library/Frameworks/IntentsUI.framework; sourceTree = SDKROOT; };
		C93A4E821F31C28700638E89 /* IntentViewController.h */ = {isa = PBXFileReference; lastKnownFileType = sourcecode.c.h; path = IntentViewController.h; sourceTree = "<group>"; };
		C93A4E831F31C28700638E89 /* IntentViewController.m */ = {isa = PBXFileReference; lastKnownFileType = sourcecode.c.objc; path = IntentViewController.m; sourceTree = "<group>"; };
		C93A4E861F31C28700638E89 /* Base */ = {isa = PBXFileReference; lastKnownFileType = file.storyboard; name = Base; path = Base.lproj/MainInterface.storyboard; sourceTree = "<group>"; };
		C93A4E881F31C28700638E89 /* Info.plist */ = {isa = PBXFileReference; lastKnownFileType = text.plist.xml; path = Info.plist; sourceTree = "<group>"; };
		C93A4E981F31ED4F00638E89 /* SiriIntentsUI.xcassets */ = {isa = PBXFileReference; lastKnownFileType = folder.assetcatalog; path = SiriIntentsUI.xcassets; sourceTree = "<group>"; };
		C93A4E9A1F31F12E00638E89 /* Intents.framework */ = {isa = PBXFileReference; lastKnownFileType = wrapper.framework; name = Intents.framework; path = System/Library/Frameworks/Intents.framework; sourceTree = SDKROOT; };
		C9B099011F31AC3300911B72 /* AppServices.app */ = {isa = PBXFileReference; explicitFileType = wrapper.application; includeInIndex = 0; path = AppServices.app; sourceTree = BUILT_PRODUCTS_DIR; };
		C9B099051F31AC3300911B72 /* main.m */ = {isa = PBXFileReference; lastKnownFileType = sourcecode.c.objc; path = main.m; sourceTree = "<group>"; };
		C9B099071F31AC3300911B72 /* AppDelegate.h */ = {isa = PBXFileReference; lastKnownFileType = sourcecode.c.h; path = AppDelegate.h; sourceTree = "<group>"; };
		C9B099081F31AC3300911B72 /* AppDelegate.m */ = {isa = PBXFileReference; lastKnownFileType = sourcecode.c.objc; path = AppDelegate.m; sourceTree = "<group>"; };
		C9B0990A1F31AC3300911B72 /* ViewController.h */ = {isa = PBXFileReference; lastKnownFileType = sourcecode.c.h; path = ViewController.h; sourceTree = "<group>"; };
		C9B0990B1F31AC3300911B72 /* ViewController.m */ = {isa = PBXFileReference; lastKnownFileType = sourcecode.c.objc; path = ViewController.m; sourceTree = "<group>"; };
		C9B0990E1F31AC3300911B72 /* Base */ = {isa = PBXFileReference; lastKnownFileType = file.storyboard; name = Base; path = Base.lproj/Main.storyboard; sourceTree = "<group>"; };
		C9B099111F31AC3300911B72 /* AppServices.xcdatamodel */ = {isa = PBXFileReference; lastKnownFileType = wrapper.xcdatamodel; path = AppServices.xcdatamodel; sourceTree = "<group>"; };
		C9B099131F31AC3300911B72 /* Assets.xcassets */ = {isa = PBXFileReference; lastKnownFileType = folder.assetcatalog; path = Assets.xcassets; sourceTree = "<group>"; };
		C9B099161F31AC3300911B72 /* Base */ = {isa = PBXFileReference; lastKnownFileType = file.storyboard; name = Base; path = Base.lproj/LaunchScreen.storyboard; sourceTree = "<group>"; };
		C9B099181F31AC3300911B72 /* Info.plist */ = {isa = PBXFileReference; lastKnownFileType = text.plist.xml; path = Info.plist; sourceTree = "<group>"; };
		C9B0991D1F31AC3300911B72 /* AppServicesTests.xctest */ = {isa = PBXFileReference; explicitFileType = wrapper.cfbundle; includeInIndex = 0; path = AppServicesTests.xctest; sourceTree = BUILT_PRODUCTS_DIR; };
		C9B099211F31AC3300911B72 /* AppServicesTests.m */ = {isa = PBXFileReference; lastKnownFileType = sourcecode.c.objc; path = AppServicesTests.m; sourceTree = "<group>"; };
		C9B099231F31AC3300911B72 /* Info.plist */ = {isa = PBXFileReference; lastKnownFileType = text.plist.xml; path = Info.plist; sourceTree = "<group>"; };
		C9B099281F31AC3300911B72 /* AppServicesUITests.xctest */ = {isa = PBXFileReference; explicitFileType = wrapper.cfbundle; includeInIndex = 0; path = AppServicesUITests.xctest; sourceTree = BUILT_PRODUCTS_DIR; };
		C9B0992C1F31AC3300911B72 /* AppServicesUITests.m */ = {isa = PBXFileReference; lastKnownFileType = sourcecode.c.objc; path = AppServicesUITests.m; sourceTree = "<group>"; };
		C9B0992E1F31AC3300911B72 /* Info.plist */ = {isa = PBXFileReference; lastKnownFileType = text.plist.xml; path = Info.plist; sourceTree = "<group>"; };
		C9B0993A1F31AD6D00911B72 /* AppServices.entitlements */ = {isa = PBXFileReference; lastKnownFileType = text.plist.entitlements; path = AppServices.entitlements; sourceTree = "<group>"; };
		D3373D2CE05A82229D131DED /* libPods-AppServices.a */ = {isa = PBXFileReference; explicitFileType = archive.ar; includeInIndex = 0; path = "libPods-AppServices.a"; sourceTree = BUILT_PRODUCTS_DIR; };
		E6A21433DFE9A42BA8563633 /* Pods-AppServicesTests.release.xcconfig */ = {isa = PBXFileReference; includeInIndex = 1; lastKnownFileType = text.xcconfig; name = "Pods-AppServicesTests.release.xcconfig"; path = "Pods/Target Support Files/Pods-AppServicesTests/Pods-AppServicesTests.release.xcconfig"; sourceTree = "<group>"; };
/* End PBXFileReference section */

/* Begin PBXFrameworksBuildPhase section */
		C93A4E711F31C28700638E89 /* Frameworks */ = {
			isa = PBXFrameworksBuildPhase;
			buildActionMask = 2147483647;
			files = (
			);
			runOnlyForDeploymentPostprocessing = 0;
		};
		C93A4E7B1F31C28700638E89 /* Frameworks */ = {
			isa = PBXFrameworksBuildPhase;
			buildActionMask = 2147483647;
			files = (
				C93A4E9B1F31F12E00638E89 /* Intents.framework in Frameworks */,
				C93A4E801F31C28700638E89 /* IntentsUI.framework in Frameworks */,
				85C3BDE2C6045D7E32D08825 /* libPods-SiriIntentsExtensionUI.a in Frameworks */,
			);
			runOnlyForDeploymentPostprocessing = 0;
		};
		C9B098FE1F31AC3300911B72 /* Frameworks */ = {
			isa = PBXFrameworksBuildPhase;
			buildActionMask = 2147483647;
			files = (
				C93A4E681F31BB0200638E89 /* MapKit.framework in Frameworks */,
				64F9AC15B7E53F7F7354AE35 /* libPods-AppServices.a in Frameworks */,
			);
			runOnlyForDeploymentPostprocessing = 0;
		};
		C9B0991A1F31AC3300911B72 /* Frameworks */ = {
			isa = PBXFrameworksBuildPhase;
			buildActionMask = 2147483647;
			files = (
				8479783490A1F499B80660D3 /* libPods-AppServicesTests.a in Frameworks */,
			);
			runOnlyForDeploymentPostprocessing = 0;
		};
		C9B099251F31AC3300911B72 /* Frameworks */ = {
			isa = PBXFrameworksBuildPhase;
			buildActionMask = 2147483647;
			files = (
				49D5A7DCF36BCF7B00136123 /* libPods-AppServicesUITests.a in Frameworks */,
			);
			runOnlyForDeploymentPostprocessing = 0;
		};
/* End PBXFrameworksBuildPhase section */

/* Begin PBXGroup section */
		1EF29E49B80D75B1CEB847E3 /* Pods */ = {
			isa = PBXGroup;
			children = (
				1E649EB5D35C4D1ADDDE0D75 /* Pods-AppServices.debug.xcconfig */,
				87F5274D79D51D373472E514 /* Pods-AppServices.release.xcconfig */,
				147948B0FDB1EE64C8D59168 /* Pods-AppServicesTests.debug.xcconfig */,
				E6A21433DFE9A42BA8563633 /* Pods-AppServicesTests.release.xcconfig */,
				BC9F95D85F14456246F4D330 /* Pods-AppServicesUITests.debug.xcconfig */,
				2C594C5D771F12C85B2B1E81 /* Pods-AppServicesUITests.release.xcconfig */,
				8A93BBAAF916947F706E4D4E /* Pods-SiriIntentsExtensionUI.debug.xcconfig */,
				C53B68BE2117907690934543 /* Pods-SiriIntentsExtensionUI.release.xcconfig */,
			);
			name = Pods;
			sourceTree = "<group>";
		};
		B52F4B9EBE168561C2D9647F /* Frameworks */ = {
			isa = PBXGroup;
			children = (
				C93A4E9A1F31F12E00638E89 /* Intents.framework */,
				C93A4E671F31BB0200638E89 /* MapKit.framework */,
				D3373D2CE05A82229D131DED /* libPods-AppServices.a */,
				A0004AC02E5FC632857ECDD0 /* libPods-AppServicesTests.a */,
				3177A4728AC81243A21EF6CA /* libPods-AppServicesUITests.a */,
				C93A4E7F1F31C28700638E89 /* IntentsUI.framework */,
				32107ED65518C7484B78813E /* libPods-SiriIntentsExtensionUI.a */,
			);
			name = Frameworks;
			sourceTree = "<group>";
		};
		C93A4E6C1F31C05C00638E89 /* Siri */ = {
			isa = PBXGroup;
			children = (
				C93A4E6D1F31C08D00638E89 /* APSSiriViewController.h */,
				C93A4E6E1F31C08D00638E89 /* APSSiriViewController.m */,
			);
			path = Siri;
			sourceTree = "<group>";
		};
		C93A4E751F31C28700638E89 /* SiriIntentsExtension */ = {
			isa = PBXGroup;
			children = (
				C93A4E761F31C28700638E89 /* IntentHandler.h */,
				C93A4E771F31C28700638E89 /* IntentHandler.m */,
				C93A4E791F31C28700638E89 /* Info.plist */,
			);
			path = SiriIntentsExtension;
			sourceTree = "<group>";
		};
		C93A4E811F31C28700638E89 /* SiriIntentsExtensionUI */ = {
			isa = PBXGroup;
			children = (
				C93A4E821F31C28700638E89 /* IntentViewController.h */,
				C93A4E831F31C28700638E89 /* IntentViewController.m */,
				C93A4E851F31C28700638E89 /* MainInterface.storyboard */,
				C93A4E881F31C28700638E89 /* Info.plist */,
				C93A4E981F31ED4F00638E89 /* SiriIntentsUI.xcassets */,
			);
			path = SiriIntentsExtensionUI;
			sourceTree = "<group>";
		};
		C9B098F81F31AC3300911B72 = {
			isa = PBXGroup;
			children = (
				C9B099031F31AC3300911B72 /* AppServices */,
				C9B099201F31AC3300911B72 /* AppServicesTests */,
				C9B0992B1F31AC3300911B72 /* AppServicesUITests */,
				C93A4E751F31C28700638E89 /* SiriIntentsExtension */,
				C93A4E811F31C28700638E89 /* SiriIntentsExtensionUI */,
				C9B099021F31AC3300911B72 /* Products */,
				1EF29E49B80D75B1CEB847E3 /* Pods */,
				B52F4B9EBE168561C2D9647F /* Frameworks */,
			);
			sourceTree = "<group>";
		};
		C9B099021F31AC3300911B72 /* Products */ = {
			isa = PBXGroup;
			children = (
				C9B099011F31AC3300911B72 /* AppServices.app */,
				C9B0991D1F31AC3300911B72 /* AppServicesTests.xctest */,
				C9B099281F31AC3300911B72 /* AppServicesUITests.xctest */,
				C93A4E741F31C28700638E89 /* SiriIntentsExtension.appex */,
				C93A4E7E1F31C28700638E89 /* SiriIntentsExtensionUI.appex */,
			);
			name = Products;
			sourceTree = "<group>";
		};
		C9B099031F31AC3300911B72 /* AppServices */ = {
			isa = PBXGroup;
			children = (
				C93A4E6C1F31C05C00638E89 /* Siri */,
				C9B0993A1F31AD6D00911B72 /* AppServices.entitlements */,
				C9B099071F31AC3300911B72 /* AppDelegate.h */,
				C9B099081F31AC3300911B72 /* AppDelegate.m */,
				C9B0990A1F31AC3300911B72 /* ViewController.h */,
				C9B0990B1F31AC3300911B72 /* ViewController.m */,
				C9B0990D1F31AC3300911B72 /* Main.storyboard */,
				C9B099131F31AC3300911B72 /* Assets.xcassets */,
				C9B099151F31AC3300911B72 /* LaunchScreen.storyboard */,
				C9B099181F31AC3300911B72 /* Info.plist */,
				C9B099101F31AC3300911B72 /* AppServices.xcdatamodeld */,
				C9B099041F31AC3300911B72 /* Supporting Files */,
			);
			path = AppServices;
			sourceTree = "<group>";
		};
		C9B099041F31AC3300911B72 /* Supporting Files */ = {
			isa = PBXGroup;
			children = (
				C9B099051F31AC3300911B72 /* main.m */,
			);
			name = "Supporting Files";
			sourceTree = "<group>";
		};
		C9B099201F31AC3300911B72 /* AppServicesTests */ = {
			isa = PBXGroup;
			children = (
				C9B099211F31AC3300911B72 /* AppServicesTests.m */,
				C9B099231F31AC3300911B72 /* Info.plist */,
			);
			path = AppServicesTests;
			sourceTree = "<group>";
		};
		C9B0992B1F31AC3300911B72 /* AppServicesUITests */ = {
			isa = PBXGroup;
			children = (
				C9B0992C1F31AC3300911B72 /* AppServicesUITests.m */,
				C9B0992E1F31AC3300911B72 /* Info.plist */,
			);
			path = AppServicesUITests;
			sourceTree = "<group>";
		};
/* End PBXGroup section */

/* Begin PBXNativeTarget section */
		C93A4E731F31C28700638E89 /* SiriIntentsExtension */ = {
			isa = PBXNativeTarget;
			buildConfigurationList = C93A4E921F31C28700638E89 /* Build configuration list for PBXNativeTarget "SiriIntentsExtension" */;
			buildPhases = (
				C93A4E701F31C28700638E89 /* Sources */,
				C93A4E711F31C28700638E89 /* Frameworks */,
				C93A4E721F31C28700638E89 /* Resources */,
			);
			buildRules = (
			);
			dependencies = (
			);
			name = SiriIntentsExtension;
			productName = SiriIntentsExtension;
			productReference = C93A4E741F31C28700638E89 /* SiriIntentsExtension.appex */;
			productType = "com.apple.product-type.app-extension";
		};
		C93A4E7D1F31C28700638E89 /* SiriIntentsExtensionUI */ = {
			isa = PBXNativeTarget;
			buildConfigurationList = C93A4E8F1F31C28700638E89 /* Build configuration list for PBXNativeTarget "SiriIntentsExtensionUI" */;
			buildPhases = (
				9559854E286B965934AEAAA4 /* [CP] Check Pods Manifest.lock */,
				C93A4E7A1F31C28700638E89 /* Sources */,
				C93A4E7B1F31C28700638E89 /* Frameworks */,
				C93A4E7C1F31C28700638E89 /* Resources */,
				25FAEC6A5D61888E82C6C87A /* [CP] Copy Pods Resources */,
			);
			buildRules = (
			);
			dependencies = (
			);
			name = SiriIntentsExtensionUI;
			productName = SiriIntentsExtensionUI;
			productReference = C93A4E7E1F31C28700638E89 /* SiriIntentsExtensionUI.appex */;
			productType = "com.apple.product-type.app-extension";
		};
		C9B099001F31AC3300911B72 /* AppServices */ = {
			isa = PBXNativeTarget;
			buildConfigurationList = C9B099311F31AC3300911B72 /* Build configuration list for PBXNativeTarget "AppServices" */;
			buildPhases = (
				38C81DEF337F6F941D066C32 /* [CP] Check Pods Manifest.lock */,
				C9B098FD1F31AC3300911B72 /* Sources */,
				C9B098FE1F31AC3300911B72 /* Frameworks */,
				C9B098FF1F31AC3300911B72 /* Resources */,
				58B0C6B017EF07DAC3E1D3BD /* [CP] Embed Pods Frameworks */,
				1D0B21C3449C4EAAD9BBE7F6 /* [CP] Copy Pods Resources */,
				C93A4E951F31C28700638E89 /* Embed App Extensions */,
			);
			buildRules = (
			);
			dependencies = (
				C93A4E8A1F31C28700638E89 /* PBXTargetDependency */,
				C93A4E8D1F31C28700638E89 /* PBXTargetDependency */,
			);
			name = AppServices;
			productName = AppServices;
			productReference = C9B099011F31AC3300911B72 /* AppServices.app */;
			productType = "com.apple.product-type.application";
		};
		C9B0991C1F31AC3300911B72 /* AppServicesTests */ = {
			isa = PBXNativeTarget;
			buildConfigurationList = C9B099341F31AC3300911B72 /* Build configuration list for PBXNativeTarget "AppServicesTests" */;
			buildPhases = (
				72EB650D946FCEF5F638D2CB /* [CP] Check Pods Manifest.lock */,
				C9B099191F31AC3300911B72 /* Sources */,
				C9B0991A1F31AC3300911B72 /* Frameworks */,
				C9B0991B1F31AC3300911B72 /* Resources */,
				06100266861CD0DF42B8B9B2 /* [CP] Embed Pods Frameworks */,
				8572061516E5625F5818F533 /* [CP] Copy Pods Resources */,
			);
			buildRules = (
			);
			dependencies = (
				C9B0991F1F31AC3300911B72 /* PBXTargetDependency */,
			);
			name = AppServicesTests;
			productName = AppServicesTests;
			productReference = C9B0991D1F31AC3300911B72 /* AppServicesTests.xctest */;
			productType = "com.apple.product-type.bundle.unit-test";
		};
		C9B099271F31AC3300911B72 /* AppServicesUITests */ = {
			isa = PBXNativeTarget;
			buildConfigurationList = C9B099371F31AC3300911B72 /* Build configuration list for PBXNativeTarget "AppServicesUITests" */;
			buildPhases = (
				0E3DCF050CAAF7BEDFE3A0AA /* [CP] Check Pods Manifest.lock */,
				C9B099241F31AC3300911B72 /* Sources */,
				C9B099251F31AC3300911B72 /* Frameworks */,
				C9B099261F31AC3300911B72 /* Resources */,
				0AB4932D120281C1BC4770F9 /* [CP] Embed Pods Frameworks */,
				D3BA5605AC094E885E24DD1B /* [CP] Copy Pods Resources */,
			);
			buildRules = (
			);
			dependencies = (
				C9B0992A1F31AC3300911B72 /* PBXTargetDependency */,
			);
			name = AppServicesUITests;
			productName = AppServicesUITests;
			productReference = C9B099281F31AC3300911B72 /* AppServicesUITests.xctest */;
			productType = "com.apple.product-type.bundle.ui-testing";
		};
/* End PBXNativeTarget section */

/* Begin PBXProject section */
		C9B098F91F31AC3300911B72 /* Project object */ = {
			isa = PBXProject;
			attributes = {
				LastUpgradeCheck = 0830;
				ORGANIZATIONNAME = lilac;
				TargetAttributes = {
					C93A4E731F31C28700638E89 = {
						CreatedOnToolsVersion = 8.3.3;
						DevelopmentTeam = V6YC8HY3H7;
						ProvisioningStyle = Automatic;
					};
					C93A4E7D1F31C28700638E89 = {
						CreatedOnToolsVersion = 8.3.3;
						DevelopmentTeam = V6YC8HY3H7;
						ProvisioningStyle = Automatic;
					};
					C9B099001F31AC3300911B72 = {
						CreatedOnToolsVersion = 8.3.3;
						DevelopmentTeam = V6YC8HY3H7;
						ProvisioningStyle = Automatic;
						SystemCapabilities = {
							com.apple.ApplicationGroups.iOS = {
								enabled = 1;
							};
							com.apple.BackgroundModes = {
								enabled = 1;
							};
							com.apple.Maps.iOS = {
								enabled = 1;
							};
							com.apple.Siri = {
								enabled = 1;
							};
						};
					};
					C9B0991C1F31AC3300911B72 = {
						CreatedOnToolsVersion = 8.3.3;
						ProvisioningStyle = Automatic;
						TestTargetID = C9B099001F31AC3300911B72;
					};
					C9B099271F31AC3300911B72 = {
						CreatedOnToolsVersion = 8.3.3;
						ProvisioningStyle = Automatic;
						TestTargetID = C9B099001F31AC3300911B72;
					};
				};
			};
			buildConfigurationList = C9B098FC1F31AC3300911B72 /* Build configuration list for PBXProject "AppServices" */;
			compatibilityVersion = "Xcode 3.2";
			developmentRegion = English;
			hasScannedForEncodings = 0;
			knownRegions = (
				en,
				Base,
			);
			mainGroup = C9B098F81F31AC3300911B72;
			productRefGroup = C9B099021F31AC3300911B72 /* Products */;
			projectDirPath = "";
			projectRoot = "";
			targets = (
				C9B099001F31AC3300911B72 /* AppServices */,
				C9B0991C1F31AC3300911B72 /* AppServicesTests */,
				C9B099271F31AC3300911B72 /* AppServicesUITests */,
				C93A4E731F31C28700638E89 /* SiriIntentsExtension */,
				C93A4E7D1F31C28700638E89 /* SiriIntentsExtensionUI */,
			);
		};
/* End PBXProject section */

/* Begin PBXResourcesBuildPhase section */
		C93A4E721F31C28700638E89 /* Resources */ = {
			isa = PBXResourcesBuildPhase;
			buildActionMask = 2147483647;
			files = (
			);
			runOnlyForDeploymentPostprocessing = 0;
		};
		C93A4E7C1F31C28700638E89 /* Resources */ = {
			isa = PBXResourcesBuildPhase;
			buildActionMask = 2147483647;
			files = (
				C93A4E871F31C28700638E89 /* MainInterface.storyboard in Resources */,
				C93A4E991F31ED4F00638E89 /* SiriIntentsUI.xcassets in Resources */,
			);
			runOnlyForDeploymentPostprocessing = 0;
		};
		C9B098FF1F31AC3300911B72 /* Resources */ = {
			isa = PBXResourcesBuildPhase;
			buildActionMask = 2147483647;
			files = (
				C9B099171F31AC3300911B72 /* LaunchScreen.storyboard in Resources */,
				C9B099141F31AC3300911B72 /* Assets.xcassets in Resources */,
				C9B0990F1F31AC3300911B72 /* Main.storyboard in Resources */,
			);
			runOnlyForDeploymentPostprocessing = 0;
		};
		C9B0991B1F31AC3300911B72 /* Resources */ = {
			isa = PBXResourcesBuildPhase;
			buildActionMask = 2147483647;
			files = (
			);
			runOnlyForDeploymentPostprocessing = 0;
		};
		C9B099261F31AC3300911B72 /* Resources */ = {
			isa = PBXResourcesBuildPhase;
			buildActionMask = 2147483647;
			files = (
			);
			runOnlyForDeploymentPostprocessing = 0;
		};
/* End PBXResourcesBuildPhase section */

/* Begin PBXShellScriptBuildPhase section */
		06100266861CD0DF42B8B9B2 /* [CP] Embed Pods Frameworks */ = {
			isa = PBXShellScriptBuildPhase;
			buildActionMask = 2147483647;
			files = (
			);
			inputPaths = (
			);
			name = "[CP] Embed Pods Frameworks";
			outputPaths = (
			);
			runOnlyForDeploymentPostprocessing = 0;
			shellPath = /bin/sh;
			shellScript = "\"${SRCROOT}/Pods/Target Support Files/Pods-AppServicesTests/Pods-AppServicesTests-frameworks.sh\"\n";
			showEnvVarsInLog = 0;
		};
		0AB4932D120281C1BC4770F9 /* [CP] Embed Pods Frameworks */ = {
			isa = PBXShellScriptBuildPhase;
			buildActionMask = 2147483647;
			files = (
			);
			inputPaths = (
			);
			name = "[CP] Embed Pods Frameworks";
			outputPaths = (
			);
			runOnlyForDeploymentPostprocessing = 0;
			shellPath = /bin/sh;
			shellScript = "\"${SRCROOT}/Pods/Target Support Files/Pods-AppServicesUITests/Pods-AppServicesUITests-frameworks.sh\"\n";
			showEnvVarsInLog = 0;
		};
		0E3DCF050CAAF7BEDFE3A0AA /* [CP] Check Pods Manifest.lock */ = {
			isa = PBXShellScriptBuildPhase;
			buildActionMask = 2147483647;
			files = (
			);
			inputPaths = (
			);
			name = "[CP] Check Pods Manifest.lock";
			outputPaths = (
			);
			runOnlyForDeploymentPostprocessing = 0;
			shellPath = /bin/sh;
			shellScript = "diff \"${PODS_ROOT}/../Podfile.lock\" \"${PODS_ROOT}/Manifest.lock\" > /dev/null\nif [ $? != 0 ] ; then\n    # print error to STDERR\n    echo \"error: The sandbox is not in sync with the Podfile.lock. Run 'pod install' or update your CocoaPods installation.\" >&2\n    exit 1\nfi\n";
			showEnvVarsInLog = 0;
		};
		1D0B21C3449C4EAAD9BBE7F6 /* [CP] Copy Pods Resources */ = {
			isa = PBXShellScriptBuildPhase;
			buildActionMask = 2147483647;
			files = (
			);
			inputPaths = (
			);
			name = "[CP] Copy Pods Resources";
			outputPaths = (
			);
			runOnlyForDeploymentPostprocessing = 0;
			shellPath = /bin/sh;
			shellScript = "\"${SRCROOT}/Pods/Target Support Files/Pods-AppServices/Pods-AppServices-resources.sh\"\n";
			showEnvVarsInLog = 0;
		};
		25FAEC6A5D61888E82C6C87A /* [CP] Copy Pods Resources */ = {
			isa = PBXShellScriptBuildPhase;
			buildActionMask = 2147483647;
			files = (
			);
			inputPaths = (
			);
			name = "[CP] Copy Pods Resources";
			outputPaths = (
			);
			runOnlyForDeploymentPostprocessing = 0;
			shellPath = /bin/sh;
			shellScript = "\"${SRCROOT}/Pods/Target Support Files/Pods-SiriIntentsExtensionUI/Pods-SiriIntentsExtensionUI-resources.sh\"\n";
			showEnvVarsInLog = 0;
		};
		38C81DEF337F6F941D066C32 /* [CP] Check Pods Manifest.lock */ = {
			isa = PBXShellScriptBuildPhase;
			buildActionMask = 2147483647;
			files = (
			);
			inputPaths = (
			);
			name = "[CP] Check Pods Manifest.lock";
			outputPaths = (
			);
			runOnlyForDeploymentPostprocessing = 0;
			shellPath = /bin/sh;
			shellScript = "diff \"${PODS_ROOT}/../Podfile.lock\" \"${PODS_ROOT}/Manifest.lock\" > /dev/null\nif [ $? != 0 ] ; then\n    # print error to STDERR\n    echo \"error: The sandbox is not in sync with the Podfile.lock. Run 'pod install' or update your CocoaPods installation.\" >&2\n    exit 1\nfi\n";
			showEnvVarsInLog = 0;
		};
		58B0C6B017EF07DAC3E1D3BD /* [CP] Embed Pods Frameworks */ = {
			isa = PBXShellScriptBuildPhase;
			buildActionMask = 2147483647;
			files = (
			);
			inputPaths = (
			);
			name = "[CP] Embed Pods Frameworks";
			outputPaths = (
			);
			runOnlyForDeploymentPostprocessing = 0;
			shellPath = /bin/sh;
			shellScript = "\"${SRCROOT}/Pods/Target Support Files/Pods-AppServices/Pods-AppServices-frameworks.sh\"\n";
			showEnvVarsInLog = 0;
		};
		72EB650D946FCEF5F638D2CB /* [CP] Check Pods Manifest.lock */ = {
			isa = PBXShellScriptBuildPhase;
			buildActionMask = 2147483647;
			files = (
			);
			inputPaths = (
			);
			name = "[CP] Check Pods Manifest.lock";
			outputPaths = (
			);
			runOnlyForDeploymentPostprocessing = 0;
			shellPath = /bin/sh;
			shellScript = "diff \"${PODS_ROOT}/../Podfile.lock\" \"${PODS_ROOT}/Manifest.lock\" > /dev/null\nif [ $? != 0 ] ; then\n    # print error to STDERR\n    echo \"error: The sandbox is not in sync with the Podfile.lock. Run 'pod install' or update your CocoaPods installation.\" >&2\n    exit 1\nfi\n";
			showEnvVarsInLog = 0;
		};
		8572061516E5625F5818F533 /* [CP] Copy Pods Resources */ = {
			isa = PBXShellScriptBuildPhase;
			buildActionMask = 2147483647;
			files = (
			);
			inputPaths = (
			);
			name = "[CP] Copy Pods Resources";
			outputPaths = (
			);
			runOnlyForDeploymentPostprocessing = 0;
			shellPath = /bin/sh;
			shellScript = "\"${SRCROOT}/Pods/Target Support Files/Pods-AppServicesTests/Pods-AppServicesTests-resources.sh\"\n";
			showEnvVarsInLog = 0;
		};
		9559854E286B965934AEAAA4 /* [CP] Check Pods Manifest.lock */ = {
			isa = PBXShellScriptBuildPhase;
			buildActionMask = 2147483647;
			files = (
			);
			inputPaths = (
			);
			name = "[CP] Check Pods Manifest.lock";
			outputPaths = (
			);
			runOnlyForDeploymentPostprocessing = 0;
			shellPath = /bin/sh;
			shellScript = "diff \"${PODS_ROOT}/../Podfile.lock\" \"${PODS_ROOT}/Manifest.lock\" > /dev/null\nif [ $? != 0 ] ; then\n    # print error to STDERR\n    echo \"error: The sandbox is not in sync with the Podfile.lock. Run 'pod install' or update your CocoaPods installation.\" >&2\n    exit 1\nfi\n";
			showEnvVarsInLog = 0;
		};
		D3BA5605AC094E885E24DD1B /* [CP] Copy Pods Resources */ = {
			isa = PBXShellScriptBuildPhase;
			buildActionMask = 2147483647;
			files = (
			);
			inputPaths = (
			);
			name = "[CP] Copy Pods Resources";
			outputPaths = (
			);
			runOnlyForDeploymentPostprocessing = 0;
			shellPath = /bin/sh;
			shellScript = "\"${SRCROOT}/Pods/Target Support Files/Pods-AppServicesUITests/Pods-AppServicesUITests-resources.sh\"\n";
			showEnvVarsInLog = 0;
		};
/* End PBXShellScriptBuildPhase section */

/* Begin PBXSourcesBuildPhase section */
		C93A4E701F31C28700638E89 /* Sources */ = {
			isa = PBXSourcesBuildPhase;
			buildActionMask = 2147483647;
			files = (
				C93A4E781F31C28700638E89 /* IntentHandler.m in Sources */,
			);
			runOnlyForDeploymentPostprocessing = 0;
		};
		C93A4E7A1F31C28700638E89 /* Sources */ = {
			isa = PBXSourcesBuildPhase;
			buildActionMask = 2147483647;
			files = (
				C93A4E841F31C28700638E89 /* IntentViewController.m in Sources */,
			);
			runOnlyForDeploymentPostprocessing = 0;
		};
		C9B098FD1F31AC3300911B72 /* Sources */ = {
			isa = PBXSourcesBuildPhase;
			buildActionMask = 2147483647;
			files = (
				C93A4E6F1F31C08D00638E89 /* APSSiriViewController.m in Sources */,
				C9B0990C1F31AC3300911B72 /* ViewController.m in Sources */,
				C9B099121F31AC3300911B72 /* AppServices.xcdatamodeld in Sources */,
				C9B099091F31AC3300911B72 /* AppDelegate.m in Sources */,
				C9B099061F31AC3300911B72 /* main.m in Sources */,
			);
			runOnlyForDeploymentPostprocessing = 0;
		};
		C9B099191F31AC3300911B72 /* Sources */ = {
			isa = PBXSourcesBuildPhase;
			buildActionMask = 2147483647;
			files = (
				C9B099221F31AC3300911B72 /* AppServicesTests.m in Sources */,
			);
			runOnlyForDeploymentPostprocessing = 0;
		};
		C9B099241F31AC3300911B72 /* Sources */ = {
			isa = PBXSourcesBuildPhase;
			buildActionMask = 2147483647;
			files = (
				C9B0992D1F31AC3300911B72 /* AppServicesUITests.m in Sources */,
			);
			runOnlyForDeploymentPostprocessing = 0;
		};
/* End PBXSourcesBuildPhase section */

/* Begin PBXTargetDependency section */
		C93A4E8A1F31C28700638E89 /* PBXTargetDependency */ = {
			isa = PBXTargetDependency;
			target = C93A4E7D1F31C28700638E89 /* SiriIntentsExtensionUI */;
			targetProxy = C93A4E891F31C28700638E89 /* PBXContainerItemProxy */;
		};
		C93A4E8D1F31C28700638E89 /* PBXTargetDependency */ = {
			isa = PBXTargetDependency;
			target = C93A4E731F31C28700638E89 /* SiriIntentsExtension */;
			targetProxy = C93A4E8C1F31C28700638E89 /* PBXContainerItemProxy */;
		};
		C9B0991F1F31AC3300911B72 /* PBXTargetDependency */ = {
			isa = PBXTargetDependency;
			target = C9B099001F31AC3300911B72 /* AppServices */;
			targetProxy = C9B0991E1F31AC3300911B72 /* PBXContainerItemProxy */;
		};
		C9B0992A1F31AC3300911B72 /* PBXTargetDependency */ = {
			isa = PBXTargetDependency;
			target = C9B099001F31AC3300911B72 /* AppServices */;
			targetProxy = C9B099291F31AC3300911B72 /* PBXContainerItemProxy */;
		};
/* End PBXTargetDependency section */

/* Begin PBXVariantGroup section */
		C93A4E851F31C28700638E89 /* MainInterface.storyboard */ = {
			isa = PBXVariantGroup;
			children = (
				C93A4E861F31C28700638E89 /* Base */,
			);
			name = MainInterface.storyboard;
			sourceTree = "<group>";
		};
		C9B0990D1F31AC3300911B72 /* Main.storyboard */ = {
			isa = PBXVariantGroup;
			children = (
				C9B0990E1F31AC3300911B72 /* Base */,
			);
			name = Main.storyboard;
			sourceTree = "<group>";
		};
		C9B099151F31AC3300911B72 /* LaunchScreen.storyboard */ = {
			isa = PBXVariantGroup;
			children = (
				C9B099161F31AC3300911B72 /* Base */,
			);
			name = LaunchScreen.storyboard;
			sourceTree = "<group>";
		};
/* End PBXVariantGroup section */

/* Begin XCBuildConfiguration section */
		C93A4E901F31C28700638E89 /* Debug */ = {
			isa = XCBuildConfiguration;
			baseConfigurationReference = 8A93BBAAF916947F706E4D4E /* Pods-SiriIntentsExtensionUI.debug.xcconfig */;
			buildSettings = {
				DEVELOPMENT_TEAM = V6YC8HY3H7;
				INFOPLIST_FILE = SiriIntentsExtensionUI/Info.plist;
				LD_RUNPATH_SEARCH_PATHS = "$(inherited) @executable_path/Frameworks @executable_path/../../Frameworks";
				PRODUCT_BUNDLE_IDENTIFIER = com.lilac.AppServices.SiriIntentsExtensionUI;
				PRODUCT_NAME = "$(TARGET_NAME)";
				SKIP_INSTALL = YES;
			};
			name = Debug;
		};
		C93A4E911F31C28700638E89 /* Release */ = {
			isa = XCBuildConfiguration;
			baseConfigurationReference = C53B68BE2117907690934543 /* Pods-SiriIntentsExtensionUI.release.xcconfig */;
			buildSettings = {
				DEVELOPMENT_TEAM = V6YC8HY3H7;
				INFOPLIST_FILE = SiriIntentsExtensionUI/Info.plist;
				LD_RUNPATH_SEARCH_PATHS = "$(inherited) @executable_path/Frameworks @executable_path/../../Frameworks";
				PRODUCT_BUNDLE_IDENTIFIER = com.lilac.AppServices.SiriIntentsExtensionUI;
				PRODUCT_NAME = "$(TARGET_NAME)";
				SKIP_INSTALL = YES;
			};
			name = Release;
		};
		C93A4E931F31C28700638E89 /* Debug */ = {
			isa = XCBuildConfiguration;
			buildSettings = {
				DEVELOPMENT_TEAM = V6YC8HY3H7;
				INFOPLIST_FILE = SiriIntentsExtension/Info.plist;
				LD_RUNPATH_SEARCH_PATHS = "$(inherited) @executable_path/Frameworks @executable_path/../../Frameworks";
				PRODUCT_BUNDLE_IDENTIFIER = com.lilac.AppServices.SiriIntentsExtension;
				PRODUCT_NAME = "$(TARGET_NAME)";
				SKIP_INSTALL = YES;
			};
			name = Debug;
		};
		C93A4E941F31C28700638E89 /* Release */ = {
			isa = XCBuildConfiguration;
			buildSettings = {
				DEVELOPMENT_TEAM = V6YC8HY3H7;
				INFOPLIST_FILE = SiriIntentsExtension/Info.plist;
				LD_RUNPATH_SEARCH_PATHS = "$(inherited) @executable_path/Frameworks @executable_path/../../Frameworks";
				PRODUCT_BUNDLE_IDENTIFIER = com.lilac.AppServices.SiriIntentsExtension;
				PRODUCT_NAME = "$(TARGET_NAME)";
				SKIP_INSTALL = YES;
			};
			name = Release;
		};
		C9B0992F1F31AC3300911B72 /* Debug */ = {
			isa = XCBuildConfiguration;
			buildSettings = {
				ALWAYS_SEARCH_USER_PATHS = NO;
				CLANG_ANALYZER_NONNULL = YES;
				CLANG_ANALYZER_NUMBER_OBJECT_CONVERSION = YES_AGGRESSIVE;
				CLANG_CXX_LANGUAGE_STANDARD = "gnu++0x";
				CLANG_CXX_LIBRARY = "libc++";
				CLANG_ENABLE_MODULES = YES;
				CLANG_ENABLE_OBJC_ARC = YES;
				CLANG_WARN_BOOL_CONVERSION = YES;
				CLANG_WARN_CONSTANT_CONVERSION = YES;
				CLANG_WARN_DIRECT_OBJC_ISA_USAGE = YES_ERROR;
				CLANG_WARN_DOCUMENTATION_COMMENTS = YES;
				CLANG_WARN_EMPTY_BODY = YES;
				CLANG_WARN_ENUM_CONVERSION = YES;
				CLANG_WARN_INFINITE_RECURSION = YES;
				CLANG_WARN_INT_CONVERSION = YES;
				CLANG_WARN_OBJC_ROOT_CLASS = YES_ERROR;
				CLANG_WARN_SUSPICIOUS_MOVE = YES;
				CLANG_WARN_UNREACHABLE_CODE = YES;
				CLANG_WARN__DUPLICATE_METHOD_MATCH = YES;
				"CODE_SIGN_IDENTITY[sdk=iphoneos*]" = "iPhone Developer";
				COPY_PHASE_STRIP = NO;
				DEBUG_INFORMATION_FORMAT = dwarf;
				ENABLE_STRICT_OBJC_MSGSEND = YES;
				ENABLE_TESTABILITY = YES;
				GCC_C_LANGUAGE_STANDARD = gnu99;
				GCC_DYNAMIC_NO_PIC = NO;
				GCC_NO_COMMON_BLOCKS = YES;
				GCC_OPTIMIZATION_LEVEL = 0;
				GCC_PREPROCESSOR_DEFINITIONS = (
					"DEBUG=1",
					"$(inherited)",
				);
				GCC_WARN_64_TO_32_BIT_CONVERSION = YES;
				GCC_WARN_ABOUT_RETURN_TYPE = YES_ERROR;
				GCC_WARN_UNDECLARED_SELECTOR = YES;
				GCC_WARN_UNINITIALIZED_AUTOS = YES_AGGRESSIVE;
				GCC_WARN_UNUSED_FUNCTION = YES;
				GCC_WARN_UNUSED_VARIABLE = YES;
				IPHONEOS_DEPLOYMENT_TARGET = 10.3;
				MTL_ENABLE_DEBUG_INFO = YES;
				ONLY_ACTIVE_ARCH = YES;
				SDKROOT = iphoneos;
				TARGETED_DEVICE_FAMILY = "1,2";
			};
			name = Debug;
		};
		C9B099301F31AC3300911B72 /* Release */ = {
			isa = XCBuildConfiguration;
			buildSettings = {
				ALWAYS_SEARCH_USER_PATHS = NO;
				CLANG_ANALYZER_NONNULL = YES;
				CLANG_ANALYZER_NUMBER_OBJECT_CONVERSION = YES_AGGRESSIVE;
				CLANG_CXX_LANGUAGE_STANDARD = "gnu++0x";
				CLANG_CXX_LIBRARY = "libc++";
				CLANG_ENABLE_MODULES = YES;
				CLANG_ENABLE_OBJC_ARC = YES;
				CLANG_WARN_BOOL_CONVERSION = YES;
				CLANG_WARN_CONSTANT_CONVERSION = YES;
				CLANG_WARN_DIRECT_OBJC_ISA_USAGE = YES_ERROR;
				CLANG_WARN_DOCUMENTATION_COMMENTS = YES;
				CLANG_WARN_EMPTY_BODY = YES;
				CLANG_WARN_ENUM_CONVERSION = YES;
				CLANG_WARN_INFINITE_RECURSION = YES;
				CLANG_WARN_INT_CONVERSION = YES;
				CLANG_WARN_OBJC_ROOT_CLASS = YES_ERROR;
				CLANG_WARN_SUSPICIOUS_MOVE = YES;
				CLANG_WARN_UNREACHABLE_CODE = YES;
				CLANG_WARN__DUPLICATE_METHOD_MATCH = YES;
				"CODE_SIGN_IDENTITY[sdk=iphoneos*]" = "iPhone Developer";
				COPY_PHASE_STRIP = NO;
				DEBUG_INFORMATION_FORMAT = "dwarf-with-dsym";
				ENABLE_NS_ASSERTIONS = NO;
				ENABLE_STRICT_OBJC_MSGSEND = YES;
				GCC_C_LANGUAGE_STANDARD = gnu99;
				GCC_NO_COMMON_BLOCKS = YES;
				GCC_WARN_64_TO_32_BIT_CONVERSION = YES;
				GCC_WARN_ABOUT_RETURN_TYPE = YES_ERROR;
				GCC_WARN_UNDECLARED_SELECTOR = YES;
				GCC_WARN_UNINITIALIZED_AUTOS = YES_AGGRESSIVE;
				GCC_WARN_UNUSED_FUNCTION = YES;
				GCC_WARN_UNUSED_VARIABLE = YES;
				IPHONEOS_DEPLOYMENT_TARGET = 10.3;
				MTL_ENABLE_DEBUG_INFO = NO;
				SDKROOT = iphoneos;
				TARGETED_DEVICE_FAMILY = "1,2";
				VALIDATE_PRODUCT = YES;
			};
			name = Release;
		};
		C9B099321F31AC3300911B72 /* Debug */ = {
			isa = XCBuildConfiguration;
			baseConfigurationReference = 1E649EB5D35C4D1ADDDE0D75 /* Pods-AppServices.debug.xcconfig */;
			buildSettings = {
				ASSETCATALOG_COMPILER_APPICON_NAME = AppIcon;
				CODE_SIGN_ENTITLEMENTS = AppServices/AppServices.entitlements;
				CODE_SIGN_IDENTITY = "";
				"CODE_SIGN_IDENTITY[sdk=iphoneos*]" = "iPhone Developer";
				DEVELOPMENT_TEAM = V6YC8HY3H7;
				INFOPLIST_FILE = AppServices/Info.plist;
				IPHONEOS_DEPLOYMENT_TARGET = 10.0;
				LD_RUNPATH_SEARCH_PATHS = "$(inherited) @executable_path/Frameworks";
				PRODUCT_BUNDLE_IDENTIFIER = com.lilac.AppServices;
				PRODUCT_NAME = "$(TARGET_NAME)";
				PROVISIONING_PROFILE_SPECIFIER = "";
			};
			name = Debug;
		};
		C9B099331F31AC3300911B72 /* Release */ = {
			isa = XCBuildConfiguration;
			baseConfigurationReference = 87F5274D79D51D373472E514 /* Pods-AppServices.release.xcconfig */;
			buildSettings = {
				ASSETCATALOG_COMPILER_APPICON_NAME = AppIcon;
				CODE_SIGN_ENTITLEMENTS = AppServices/AppServices.entitlements;
				CODE_SIGN_IDENTITY = "";
				"CODE_SIGN_IDENTITY[sdk=iphoneos*]" = "iPhone Developer";
				DEVELOPMENT_TEAM = V6YC8HY3H7;
				INFOPLIST_FILE = AppServices/Info.plist;
				IPHONEOS_DEPLOYMENT_TARGET = 10.0;
				LD_RUNPATH_SEARCH_PATHS = "$(inherited) @executable_path/Frameworks";
				PRODUCT_BUNDLE_IDENTIFIER = com.lilac.AppServices;
				PRODUCT_NAME = "$(TARGET_NAME)";
				PROVISIONING_PROFILE_SPECIFIER = "";
			};
			name = Release;
		};
		C9B099351F31AC3300911B72 /* Debug */ = {
			isa = XCBuildConfiguration;
			baseConfigurationReference = 147948B0FDB1EE64C8D59168 /* Pods-AppServicesTests.debug.xcconfig */;
			buildSettings = {
				BUNDLE_LOADER = "$(TEST_HOST)";
				INFOPLIST_FILE = AppServicesTests/Info.plist;
				LD_RUNPATH_SEARCH_PATHS = "$(inherited) @executable_path/Frameworks @loader_path/Frameworks";
				PRODUCT_BUNDLE_IDENTIFIER = com.lilac.AppServicesTests;
				PRODUCT_NAME = "$(TARGET_NAME)";
				TEST_HOST = "$(BUILT_PRODUCTS_DIR)/AppServices.app/AppServices";
			};
			name = Debug;
		};
		C9B099361F31AC3300911B72 /* Release */ = {
			isa = XCBuildConfiguration;
			baseConfigurationReference = E6A21433DFE9A42BA8563633 /* Pods-AppServicesTests.release.xcconfig */;
			buildSettings = {
				BUNDLE_LOADER = "$(TEST_HOST)";
				INFOPLIST_FILE = AppServicesTests/Info.plist;
				LD_RUNPATH_SEARCH_PATHS = "$(inherited) @executable_path/Frameworks @loader_path/Frameworks";
				PRODUCT_BUNDLE_IDENTIFIER = com.lilac.AppServicesTests;
				PRODUCT_NAME = "$(TARGET_NAME)";
				TEST_HOST = "$(BUILT_PRODUCTS_DIR)/AppServices.app/AppServices";
			};
			name = Release;
		};
		C9B099381F31AC3300911B72 /* Debug */ = {
			isa = XCBuildConfiguration;
			baseConfigurationReference = BC9F95D85F14456246F4D330 /* Pods-AppServicesUITests.debug.xcconfig */;
			buildSettings = {
				INFOPLIST_FILE = AppServicesUITests/Info.plist;
				LD_RUNPATH_SEARCH_PATHS = "$(inherited) @executable_path/Frameworks @loader_path/Frameworks";
				PRODUCT_BUNDLE_IDENTIFIER = com.lilac.AppServicesUITests;
				PRODUCT_NAME = "$(TARGET_NAME)";
				TEST_TARGET_NAME = AppServices;
			};
			name = Debug;
		};
		C9B099391F31AC3300911B72 /* Release */ = {
			isa = XCBuildConfiguration;
			baseConfigurationReference = 2C594C5D771F12C85B2B1E81 /* Pods-AppServicesUITests.release.xcconfig */;
			buildSettings = {
				INFOPLIST_FILE = AppServicesUITests/Info.plist;
				LD_RUNPATH_SEARCH_PATHS = "$(inherited) @executable_path/Frameworks @loader_path/Frameworks";
				PRODUCT_BUNDLE_IDENTIFIER = com.lilac.AppServicesUITests;
				PRODUCT_NAME = "$(TARGET_NAME)";
				TEST_TARGET_NAME = AppServices;
			};
			name = Release;
		};
/* End XCBuildConfiguration section */

/* Begin XCConfigurationList section */
		C93A4E8F1F31C28700638E89 /* Build configuration list for PBXNativeTarget "SiriIntentsExtensionUI" */ = {
			isa = XCConfigurationList;
			buildConfigurations = (
				C93A4E901F31C28700638E89 /* Debug */,
				C93A4E911F31C28700638E89 /* Release */,
			);
			defaultConfigurationIsVisible = 0;
			defaultConfigurationName = Release;
		};
		C93A4E921F31C28700638E89 /* Build configuration list for PBXNativeTarget "SiriIntentsExtension" */ = {
			isa = XCConfigurationList;
			buildConfigurations = (
				C93A4E931F31C28700638E89 /* Debug */,
				C93A4E941F31C28700638E89 /* Release */,
			);
			defaultConfigurationIsVisible = 0;
			defaultConfigurationName = Release;
		};
		C9B098FC1F31AC3300911B72 /* Build configuration list for PBXProject "AppServices" */ = {
			isa = XCConfigurationList;
			buildConfigurations = (
				C9B0992F1F31AC3300911B72 /* Debug */,
				C9B099301F31AC3300911B72 /* Release */,
			);
			defaultConfigurationIsVisible = 0;
			defaultConfigurationName = Release;
		};
		C9B099311F31AC3300911B72 /* Build configuration list for PBXNativeTarget "AppServices" */ = {
			isa = XCConfigurationList;
			buildConfigurations = (
				C9B099321F31AC3300911B72 /* Debug */,
				C9B099331F31AC3300911B72 /* Release */,
			);
			defaultConfigurationIsVisible = 0;
			defaultConfigurationName = Release;
		};
		C9B099341F31AC3300911B72 /* Build configuration list for PBXNativeTarget "AppServicesTests" */ = {
			isa = XCConfigurationList;
			buildConfigurations = (
				C9B099351F31AC3300911B72 /* Debug */,
				C9B099361F31AC3300911B72 /* Release */,
			);
			defaultConfigurationIsVisible = 0;
			defaultConfigurationName = Release;
		};
		C9B099371F31AC3300911B72 /* Build configuration list for PBXNativeTarget "AppServicesUITests" */ = {
			isa = XCConfigurationList;
			buildConfigurations = (
				C9B099381F31AC3300911B72 /* Debug */,
				C9B099391F31AC3300911B72 /* Release */,
			);
			defaultConfigurationIsVisible = 0;
			defaultConfigurationName = Release;
		};
/* End XCConfigurationList section */

/* Begin XCVersionGroup section */
		C9B099101F31AC3300911B72 /* AppServices.xcdatamodeld */ = {
			isa = XCVersionGroup;
			children = (
				C9B099111F31AC3300911B72 /* AppServices.xcdatamodel */,
			);
			currentVersion = C9B099111F31AC3300911B72 /* AppServices.xcdatamodel */;
			path = AppServices.xcdatamodeld;
			sourceTree = "<group>";
			versionGroupType = wrapper.xcdatamodel;
		};
/* End XCVersionGroup section */
	};
	rootObject = C9B098F91F31AC3300911B72 /* Project object */;
}
